
Microsoft Visual Studio Solution File, Format Version 12.00
# Visual Studio 15
VisualStudioVersion = 15.0.28010.2036
MinimumVisualStudioVersion = 10.0.40219.1
Project("{FAE04EC0-301F-11D3-BF4B-00C04F79EFBC}") = "SneakerC2C_WebApp", "SneakerC2C_WebApp\SneakerC2C_WebApp.csproj", "{C567F921-3618-4775-9B25-4B737349F077}"
EndProject
Project("{FAE04EC0-301F-11D3-BF4B-00C04F79EFBC}") = "Models", "Models\Models.csproj", "{7D977189-5723-4441-B0E0-EB357DBC194F}"
EndProject
Global
	GlobalSection(SolutionConfigurationPlatforms) = preSolution
		Debug|Any CPU = Debug|Any CPU
		Release|Any CPU = Release|Any CPU
	EndGlobalSection
	GlobalSection(ProjectConfigurationPlatforms) = postSolution
		{C567F921-3618-4775-9B25-4B737349F077}.Debug|Any CPU.ActiveCfg = Debug|Any CPU
		{C567F921-3618-4775-9B25-4B737349F077}.Debug|Any CPU.Build.0 = Debug|Any CPU
		{C567F921-3618-4775-9B25-4B737349F077}.Release|Any CPU.ActiveCfg = Release|Any CPU
		{C567F921-3618-4775-9B25-4B737349F077}.Release|Any CPU.Build.0 = Release|Any CPU
		{7D977189-5723-4441-B0E0-EB357DBC194F}.Debug|Any CPU.ActiveCfg = Debug|Any CPU
		{7D977189-5723-4441-B0E0-EB357DBC194F}.Debug|Any CPU.Build.0 = Debug|Any CPU
		{7D977189-5723-4441-B0E0-EB357DBC194F}.Release|Any CPU.ActiveCfg = Release|Any CPU
		{7D977189-5723-4441-B0E0-EB357DBC194F}.Release|Any CPU.Build.0 = Release|Any CPU
	EndGlobalSection
	GlobalSection(SolutionProperties) = preSolution
		HideSolutionNode = FALSE
	EndGlobalSection
	GlobalSection(ExtensibilityGlobals) = postSolution
		SolutionGuid = {D0AA677F-3B03-470A-B946-D18B6930B4D4}
	EndGlobalSection
EndGlobal
